github.com/299m/util v0.0.0-20240319151555-344f94ec44f8 h1:6pG/KATdhcNtWmmd+PgDYB8UEWY1E5Z8LBxo//wZB5g=
github.com/299m/util v0.0.0-20240319151555-344f94ec44f8/go.mod h1:c2ygI4rNB2QiYvAZDcQuYRJ/DkE0qY7U8tkkjL7NLek=
github.com/299m/util v0.0.0-20240424061726-a43a59af9f11 h1:njjNpbSpyfL7G1UJsJ2v4LXqjo5hRZPRHHLvyrfOWDc=
github.com/299m/util v0.0.0-20240424061726-a43a59af9f11/go.mod h1:c2ygI4rNB2QiYvAZDcQuYRJ/DkE0qY7U8tkkjL7NLek=
github.com/davecgh/go-spew v1.1.1 h1:vj9j/u1bqnvCEfJOwUhtlOARqs3+rkHYY13jYWTU97c=
github.com/davecgh/go-spew v1.1.1/go.mod h1:J7Y8YcW2NihsgmVo/mv3lAwl/skON4iLHjSsI+c5H38=
github.com/pmezard/go-difflib v1.0.0 h1:4DBwDE0NGyQoBHbLQYPwSUPoCMWR5BEzIk/f1lZbAQM=
github.com/pmezard/go-difflib v1.0.0/go.mod h1:iKH77koFhYxTK1pcRnkKkqfTogsbg7gZNVY4sRDYZ/4=
github.com/stretchr/testify v1.9.0 h1:HtqpIVDClZ4nwg75+f6Lvsy/wHu+3BoSGCbBAcpTsTg=
github.com/stretchr/testify v1.9.0/go.mod h1:r2ic/lqez/lEtzL7wO/rwa5dbSLXVDPFyf8C91i36aY=
gopkg.in/check.v1 v0.0.0-20161208181325-20d25e280405 h1:yhCVgyC4o1eVCa2tZl7eS0r+SDo693bJlVdllGtEeKM=
gopkg.in/check.v1 v0.0.0-20161208181325-20d25e280405/go.mod h1:Co6ibVJAznAaIkqp8huTwlJQCZ016jof/cbN4VW5Yz0=
gopkg.in/yaml.v3 v3.0.1 h1:fxVm/GzAzEWqLHuvctI91KS9hhNmmWOoWu0XTYJS7CA=
gopkg.in/yaml.v3 v3.0.1/go.mod h1:K4uyk7z7BCEPqu6E+C64Yfv1cQ7kz7rIZviUmN+EgEM=
